
Microsoft Visual Studio Solution File, Format Version 12.00
# Visual Studio Version 17
VisualStudioVersion = 17.11.35219.272
MinimumVisualStudioVersion = 10.0.40219.1
Project("{8BC9CEB8-8B4A-11D0-8D11-00A0C91BC942}") = "TerminateThreadEx", "TerminateThreadEx\TerminateThreadEx.vcxproj", "{716E9AB9-EFE3-48AA-B7F3-EA1150E58773}"
EndProject
Global
	GlobalSection(SolutionConfigurationPlatforms) = preSolution
		Debug|x64 = Debug|x64
		Debug|x86 = Debug|x86
		Release|x64 = Release|x64
		Release|x86 = Release|x86
	EndGlobalSection
	GlobalSection(ProjectConfigurationPlatforms) = postSolution
		{716E9AB9-EFE3-48AA-B7F3-EA1150E58773}.Debug|x64.ActiveCfg = Debug|x64
		{716E9AB9-EFE3-48AA-B7F3-EA1150E58773}.Debug|x64.Build.0 = Debug|x64
		{716E9AB9-EFE3-48AA-B7F3-EA1150E58773}.Debug|x86.ActiveCfg = Debug|Win32
		{716E9AB9-EFE3-48AA-B7F3-EA1150E58773}.Debug|x86.Build.0 = Debug|Win32
		{716E9AB9-EFE3-48AA-B7F3-EA1150E58773}.Release|x64.ActiveCfg = Release|x64
		{716E9AB9-EFE3-48AA-B7F3-EA1150E58773}.Release|x64.Build.0 = Release|x64
		{716E9AB9-EFE3-48AA-B7F3-EA1150E58773}.Release|x86.ActiveCfg = Release|Win32
		{716E9AB9-EFE3-48AA-B7F3-EA1150E58773}.Release|x86.Build.0 = Release|Win32
	EndGlobalSection
	GlobalSection(SolutionProperties) = preSolution
		HideSolutionNode = FALSE
	EndGlobalSection
	GlobalSection(ExtensibilityGlobals) = postSolution
		SolutionGuid = {597906AA-D2C9-49E5-BB1C-B7D15F5F97E6}
	EndGlobalSection
EndGlobal
